
Microsoft Visual Studio Solution File, Format Version 12.00
# Visual Studio Version 17
VisualStudioVersion = 17.4.33110.190
MinimumVisualStudioVersion = 10.0.40219.1
Project("{FAE04EC0-301F-11D3-BF4B-00C04F79EFBC}") = "Analyzing and profiling tools", "Analyzing and profiling tools.csproj", "{297AFE54-6985-481A-A4D0-6E4ABAB85BCD}"
EndProject
Global
	GlobalSection(SolutionConfigurationPlatforms) = preSolution
		Debug|Any CPU = Debug|Any CPU
		Release|Any CPU = Release|Any CPU
	EndGlobalSection
	GlobalSection(ProjectConfigurationPlatforms) = postSolution
		{297AFE54-6985-481A-A4D0-6E4ABAB85BCD}.Debug|Any CPU.ActiveCfg = Debug|Any CPU
		{297AFE54-6985-481A-A4D0-6E4ABAB85BCD}.Debug|Any CPU.Build.0 = Debug|Any CPU
		{297AFE54-6985-481A-A4D0-6E4ABAB85BCD}.Release|Any CPU.ActiveCfg = Release|Any CPU
		{297AFE54-6985-481A-A4D0-6E4ABAB85BCD}.Release|Any CPU.Build.0 = Release|Any CPU
	EndGlobalSection
	GlobalSection(SolutionProperties) = preSolution
		HideSolutionNode = FALSE
	EndGlobalSection
	GlobalSection(ExtensibilityGlobals) = postSolution
		SolutionGuid = {EDA095CD-BD62-423D-9DC1-AD7724990E02}
	EndGlobalSection
EndGlobal
