
Microsoft Visual Studio Solution File, Format Version 12.00
# Visual Studio Version 17
VisualStudioVersion = 17.4.33110.190
MinimumVisualStudioVersion = 10.0.40219.1
Project("{FAE04EC0-301F-11D3-BF4B-00C04F79EFBC}") = "WebApplication1", "WebApplication1.csproj", "{BD4B4A11-4C21-461E-9A85-9D3E27B4688D}"
EndProject
Global
	GlobalSection(SolutionConfigurationPlatforms) = preSolution
		Debug|Any CPU = Debug|Any CPU
		Release|Any CPU = Release|Any CPU
	EndGlobalSection
	GlobalSection(ProjectConfigurationPlatforms) = postSolution
		{BD4B4A11-4C21-461E-9A85-9D3E27B4688D}.Debug|Any CPU.ActiveCfg = Debug|Any CPU
		{BD4B4A11-4C21-461E-9A85-9D3E27B4688D}.Debug|Any CPU.Build.0 = Debug|Any CPU
		{BD4B4A11-4C21-461E-9A85-9D3E27B4688D}.Release|Any CPU.ActiveCfg = Release|Any CPU
		{BD4B4A11-4C21-461E-9A85-9D3E27B4688D}.Release|Any CPU.Build.0 = Release|Any CPU
	EndGlobalSection
	GlobalSection(SolutionProperties) = preSolution
		HideSolutionNode = FALSE
	EndGlobalSection
	GlobalSection(ExtensibilityGlobals) = postSolution
		SolutionGuid = {9ACE1C52-709E-4289-B1B5-ABACF18C2436}
	EndGlobalSection
EndGlobal
