
Microsoft Visual Studio Solution File, Format Version 12.00
# Visual Studio Version 17
VisualStudioVersion = 17.4.33110.190
MinimumVisualStudioVersion = 10.0.40219.1
Project("{9A19103F-16F7-4668-BE54-9A1E7A4F7556}") = "DataCaptureService", "DataCaptureService.csproj", "{A1C151BF-5C13-4094-91F7-5803B570F484}"
EndProject
Project("{9A19103F-16F7-4668-BE54-9A1E7A4F7556}") = "MainProcessingService", "..\MainProcessingService\MainProcessingService.csproj", "{B694A7E5-87C0-4E52-B63B-3B90E2200543}"
EndProject
Global
	GlobalSection(SolutionConfigurationPlatforms) = preSolution
		Debug|Any CPU = Debug|Any CPU
		Release|Any CPU = Release|Any CPU
	EndGlobalSection
	GlobalSection(ProjectConfigurationPlatforms) = postSolution
		{A1C151BF-5C13-4094-91F7-5803B570F484}.Debug|Any CPU.ActiveCfg = Debug|Any CPU
		{A1C151BF-5C13-4094-91F7-5803B570F484}.Debug|Any CPU.Build.0 = Debug|Any CPU
		{A1C151BF-5C13-4094-91F7-5803B570F484}.Release|Any CPU.ActiveCfg = Release|Any CPU
		{A1C151BF-5C13-4094-91F7-5803B570F484}.Release|Any CPU.Build.0 = Release|Any CPU
		{B694A7E5-87C0-4E52-B63B-3B90E2200543}.Debug|Any CPU.ActiveCfg = Debug|Any CPU
		{B694A7E5-87C0-4E52-B63B-3B90E2200543}.Debug|Any CPU.Build.0 = Debug|Any CPU
		{B694A7E5-87C0-4E52-B63B-3B90E2200543}.Release|Any CPU.ActiveCfg = Release|Any CPU
		{B694A7E5-87C0-4E52-B63B-3B90E2200543}.Release|Any CPU.Build.0 = Release|Any CPU
	EndGlobalSection
	GlobalSection(SolutionProperties) = preSolution
		HideSolutionNode = FALSE
	EndGlobalSection
	GlobalSection(ExtensibilityGlobals) = postSolution
		SolutionGuid = {C9CC5EE6-81C0-4D62-BB1E-CBC991FEDCE9}
	EndGlobalSection
EndGlobal
